
Microsoft Visual Studio Solution File, Format Version 12.00
# Visual Studio 15
VisualStudioVersion = 15.0.28307.1082
MinimumVisualStudioVersion = 10.0.40219.1
Project("{8BC9CEB8-8B4A-11D0-8D11-00A0C91BC942}") = "WinAPI", "WinAPI\WinAPI.vcxproj", "{FE7E75BD-DB4E-41A0-9561-B9BDEA721780}"
EndProject
Project("{8BC9CEB8-8B4A-11D0-8D11-00A0C91BC942}") = "DialogBox", "DialogBox\DialogBox.vcxproj", "{D9F14EDC-E5C3-46CC-B638-1AB2500FDF00}"
EndProject
Project("{8BC9CEB8-8B4A-11D0-8D11-00A0C91BC942}") = "ComboBox", "ComboBox\ComboBox.vcxproj", "{406DA62D-8D01-4948-86C2-983BB150B192}"
EndProject
Project("{8BC9CEB8-8B4A-11D0-8D11-00A0C91BC942}") = "Concatenator", "Concatenator\Concatenator.vcxproj", "{04682958-D53C-40BC-BAD1-EC695744EA98}"
EndProject
Global
	GlobalSection(SolutionConfigurationPlatforms) = preSolution
		Debug|x64 = Debug|x64
		Debug|x86 = Debug|x86
		Release|x64 = Release|x64
		Release|x86 = Release|x86
	EndGlobalSection
	GlobalSection(ProjectConfigurationPlatforms) = postSolution
		{FE7E75BD-DB4E-41A0-9561-B9BDEA721780}.Debug|x64.ActiveCfg = Debug|x64
		{FE7E75BD-DB4E-41A0-9561-B9BDEA721780}.Debug|x64.Build.0 = Debug|x64
		{FE7E75BD-DB4E-41A0-9561-B9BDEA721780}.Debug|x86.ActiveCfg = Debug|Win32
		{FE7E75BD-DB4E-41A0-9561-B9BDEA721780}.Debug|x86.Build.0 = Debug|Win32
		{FE7E75BD-DB4E-41A0-9561-B9BDEA721780}.Release|x64.ActiveCfg = Release|x64
		{FE7E75BD-DB4E-41A0-9561-B9BDEA721780}.Release|x64.Build.0 = Release|x64
		{FE7E75BD-DB4E-41A0-9561-B9BDEA721780}.Release|x86.ActiveCfg = Release|Win32
		{FE7E75BD-DB4E-41A0-9561-B9BDEA721780}.Release|x86.Build.0 = Release|Win32
		{D9F14EDC-E5C3-46CC-B638-1AB2500FDF00}.Debug|x64.ActiveCfg = Debug|x64
		{D9F14EDC-E5C3-46CC-B638-1AB2500FDF00}.Debug|x64.Build.0 = Debug|x64
		{D9F14EDC-E5C3-46CC-B638-1AB2500FDF00}.Debug|x86.ActiveCfg = Debug|Win32
		{D9F14EDC-E5C3-46CC-B638-1AB2500FDF00}.Debug|x86.Build.0 = Debug|Win32
		{D9F14EDC-E5C3-46CC-B638-1AB2500FDF00}.Release|x64.ActiveCfg = Release|x64
		{D9F14EDC-E5C3-46CC-B638-1AB2500FDF00}.Release|x64.Build.0 = Release|x64
		{D9F14EDC-E5C3-46CC-B638-1AB2500FDF00}.Release|x86.ActiveCfg = Release|Win32
		{D9F14EDC-E5C3-46CC-B638-1AB2500FDF00}.Release|x86.Build.0 = Release|Win32
		{406DA62D-8D01-4948-86C2-983BB150B192}.Debug|x64.ActiveCfg = Debug|x64
		{406DA62D-8D01-4948-86C2-983BB150B192}.Debug|x64.Build.0 = Debug|x64
		{406DA62D-8D01-4948-86C2-983BB150B192}.Debug|x86.ActiveCfg = Debug|Win32
		{406DA62D-8D01-4948-86C2-983BB150B192}.Debug|x86.Build.0 = Debug|Win32
		{406DA62D-8D01-4948-86C2-983BB150B192}.Release|x64.ActiveCfg = Release|x64
		{406DA62D-8D01-4948-86C2-983BB150B192}.Release|x64.Build.0 = Release|x64
		{406DA62D-8D01-4948-86C2-983BB150B192}.Release|x86.ActiveCfg = Release|Win32
		{406DA62D-8D01-4948-86C2-983BB150B192}.Release|x86.Build.0 = Release|Win32
		{04682958-D53C-40BC-BAD1-EC695744EA98}.Debug|x64.ActiveCfg = Debug|x64
		{04682958-D53C-40BC-BAD1-EC695744EA98}.Debug|x64.Build.0 = Debug|x64
		{04682958-D53C-40BC-BAD1-EC695744EA98}.Debug|x86.ActiveCfg = Debug|Win32
		{04682958-D53C-40BC-BAD1-EC695744EA98}.Debug|x86.Build.0 = Debug|Win32
		{04682958-D53C-40BC-BAD1-EC695744EA98}.Release|x64.ActiveCfg = Release|x64
		{04682958-D53C-40BC-BAD1-EC695744EA98}.Release|x64.Build.0 = Release|x64
		{04682958-D53C-40BC-BAD1-EC695744EA98}.Release|x86.ActiveCfg = Release|Win32
		{04682958-D53C-40BC-BAD1-EC695744EA98}.Release|x86.Build.0 = Release|Win32
	EndGlobalSection
	GlobalSection(SolutionProperties) = preSolution
		HideSolutionNode = FALSE
	EndGlobalSection
	GlobalSection(ExtensibilityGlobals) = postSolution
		SolutionGuid = {2245B6B9-3ADC-42F1-BD8D-7962C4D4E188}
	EndGlobalSection
EndGlobal
